
Microsoft Visual Studio Solution File, Format Version 12.00
# Visual Studio 15
VisualStudioVersion = 15.0.26124.0
MinimumVisualStudioVersion = 15.0.26124.0
Project("{FAE04EC0-301F-11D3-BF4B-00C04F79EFBC}") = "Domain", "Domain\Domain.csproj", "{07E9E3A4-2073-4849-B29D-7B9AC90B51D5}"
EndProject
Project("{FAE04EC0-301F-11D3-BF4B-00C04F79EFBC}") = "Application", "Application\Application.csproj", "{2EA221D0-0DD6-441D-B4AC-3C9BAE68FAD9}"
EndProject
Project("{FAE04EC0-301F-11D3-BF4B-00C04F79EFBC}") = "Persistence", "Persistence\Persistence.csproj", "{E8DE9693-1FDF-4359-AE5B-A41C5E183BF1}"
EndProject
Project("{FAE04EC0-301F-11D3-BF4B-00C04F79EFBC}") = "API", "API\API.csproj", "{EC65B987-89A9-4AD9-9B06-E5D2C8C207EE}"
EndProject
Global
	GlobalSection(SolutionConfigurationPlatforms) = preSolution
		Debug|Any CPU = Debug|Any CPU
		Debug|x64 = Debug|x64
		Debug|x86 = Debug|x86
		Release|Any CPU = Release|Any CPU
		Release|x64 = Release|x64
		Release|x86 = Release|x86
	EndGlobalSection
	GlobalSection(SolutionProperties) = preSolution
		HideSolutionNode = FALSE
	EndGlobalSection
	GlobalSection(ProjectConfigurationPlatforms) = postSolution
		{07E9E3A4-2073-4849-B29D-7B9AC90B51D5}.Debug|Any CPU.ActiveCfg = Debug|Any CPU
		{07E9E3A4-2073-4849-B29D-7B9AC90B51D5}.Debug|Any CPU.Build.0 = Debug|Any CPU
		{07E9E3A4-2073-4849-B29D-7B9AC90B51D5}.Debug|x64.ActiveCfg = Debug|Any CPU
		{07E9E3A4-2073-4849-B29D-7B9AC90B51D5}.Debug|x64.Build.0 = Debug|Any CPU
		{07E9E3A4-2073-4849-B29D-7B9AC90B51D5}.Debug|x86.ActiveCfg = Debug|Any CPU
		{07E9E3A4-2073-4849-B29D-7B9AC90B51D5}.Debug|x86.Build.0 = Debug|Any CPU
		{07E9E3A4-2073-4849-B29D-7B9AC90B51D5}.Release|Any CPU.ActiveCfg = Release|Any CPU
		{07E9E3A4-2073-4849-B29D-7B9AC90B51D5}.Release|Any CPU.Build.0 = Release|Any CPU
		{07E9E3A4-2073-4849-B29D-7B9AC90B51D5}.Release|x64.ActiveCfg = Release|Any CPU
		{07E9E3A4-2073-4849-B29D-7B9AC90B51D5}.Release|x64.Build.0 = Release|Any CPU
		{07E9E3A4-2073-4849-B29D-7B9AC90B51D5}.Release|x86.ActiveCfg = Release|Any CPU
		{07E9E3A4-2073-4849-B29D-7B9AC90B51D5}.Release|x86.Build.0 = Release|Any CPU
		{2EA221D0-0DD6-441D-B4AC-3C9BAE68FAD9}.Debug|Any CPU.ActiveCfg = Debug|Any CPU
		{2EA221D0-0DD6-441D-B4AC-3C9BAE68FAD9}.Debug|Any CPU.Build.0 = Debug|Any CPU
		{2EA221D0-0DD6-441D-B4AC-3C9BAE68FAD9}.Debug|x64.ActiveCfg = Debug|Any CPU
		{2EA221D0-0DD6-441D-B4AC-3C9BAE68FAD9}.Debug|x64.Build.0 = Debug|Any CPU
		{2EA221D0-0DD6-441D-B4AC-3C9BAE68FAD9}.Debug|x86.ActiveCfg = Debug|Any CPU
		{2EA221D0-0DD6-441D-B4AC-3C9BAE68FAD9}.Debug|x86.Build.0 = Debug|Any CPU
		{2EA221D0-0DD6-441D-B4AC-3C9BAE68FAD9}.Release|Any CPU.ActiveCfg = Release|Any CPU
		{2EA221D0-0DD6-441D-B4AC-3C9BAE68FAD9}.Release|Any CPU.Build.0 = Release|Any CPU
		{2EA221D0-0DD6-441D-B4AC-3C9BAE68FAD9}.Release|x64.ActiveCfg = Release|Any CPU
		{2EA221D0-0DD6-441D-B4AC-3C9BAE68FAD9}.Release|x64.Build.0 = Release|Any CPU
		{2EA221D0-0DD6-441D-B4AC-3C9BAE68FAD9}.Release|x86.ActiveCfg = Release|Any CPU
		{2EA221D0-0DD6-441D-B4AC-3C9BAE68FAD9}.Release|x86.Build.0 = Release|Any CPU
		{E8DE9693-1FDF-4359-AE5B-A41C5E183BF1}.Debug|Any CPU.ActiveCfg = Debug|Any CPU
		{E8DE9693-1FDF-4359-AE5B-A41C5E183BF1}.Debug|Any CPU.Build.0 = Debug|Any CPU
		{E8DE9693-1FDF-4359-AE5B-A41C5E183BF1}.Debug|x64.ActiveCfg = Debug|Any CPU
		{E8DE9693-1FDF-4359-AE5B-A41C5E183BF1}.Debug|x64.Build.0 = Debug|Any CPU
		{E8DE9693-1FDF-4359-AE5B-A41C5E183BF1}.Debug|x86.ActiveCfg = Debug|Any CPU
		{E8DE9693-1FDF-4359-AE5B-A41C5E183BF1}.Debug|x86.Build.0 = Debug|Any CPU
		{E8DE9693-1FDF-4359-AE5B-A41C5E183BF1}.Release|Any CPU.ActiveCfg = Release|Any CPU
		{E8DE9693-1FDF-4359-AE5B-A41C5E183BF1}.Release|Any CPU.Build.0 = Release|Any CPU
		{E8DE9693-1FDF-4359-AE5B-A41C5E183BF1}.Release|x64.ActiveCfg = Release|Any CPU
		{E8DE9693-1FDF-4359-AE5B-A41C5E183BF1}.Release|x64.Build.0 = Release|Any CPU
		{E8DE9693-1FDF-4359-AE5B-A41C5E183BF1}.Release|x86.ActiveCfg = Release|Any CPU
		{E8DE9693-1FDF-4359-AE5B-A41C5E183BF1}.Release|x86.Build.0 = Release|Any CPU
		{EC65B987-89A9-4AD9-9B06-E5D2C8C207EE}.Debug|Any CPU.ActiveCfg = Debug|Any CPU
		{EC65B987-89A9-4AD9-9B06-E5D2C8C207EE}.Debug|Any CPU.Build.0 = Debug|Any CPU
		{EC65B987-89A9-4AD9-9B06-E5D2C8C207EE}.Debug|x64.ActiveCfg = Debug|Any CPU
		{EC65B987-89A9-4AD9-9B06-E5D2C8C207EE}.Debug|x64.Build.0 = Debug|Any CPU
		{EC65B987-89A9-4AD9-9B06-E5D2C8C207EE}.Debug|x86.ActiveCfg = Debug|Any CPU
		{EC65B987-89A9-4AD9-9B06-E5D2C8C207EE}.Debug|x86.Build.0 = Debug|Any CPU
		{EC65B987-89A9-4AD9-9B06-E5D2C8C207EE}.Release|Any CPU.ActiveCfg = Release|Any CPU
		{EC65B987-89A9-4AD9-9B06-E5D2C8C207EE}.Release|Any CPU.Build.0 = Release|Any CPU
		{EC65B987-89A9-4AD9-9B06-E5D2C8C207EE}.Release|x64.ActiveCfg = Release|Any CPU
		{EC65B987-89A9-4AD9-9B06-E5D2C8C207EE}.Release|x64.Build.0 = Release|Any CPU
		{EC65B987-89A9-4AD9-9B06-E5D2C8C207EE}.Release|x86.ActiveCfg = Release|Any CPU
		{EC65B987-89A9-4AD9-9B06-E5D2C8C207EE}.Release|x86.Build.0 = Release|Any CPU
	EndGlobalSection
EndGlobal
